{
    "_readme": [
        "This file locks the dependencies of your project to a known state",
        "Read more about it at http://getcomposer.org/doc/01-basic-usage.md#composer-lock-the-lock-file"
    ],
    "hash": "9963fb8c3dfe77b4ce4e66bd1c65f83a",
    "packages": [
        {
            "name": "badcow/lorem-ipsum",
            "version": "dev-master",
            "source": {
                "type": "git",
                "url": "https://github.com/samuelwilliams/LoremIpsum.git",
                "reference": "568f94bada0f7c95f69fabd6e7007148f90c31b0"
            },
            "dist": {
                "type": "zip",
                "url": "https://api.github.com/repos/samuelwilliams/LoremIpsum/zipball/568f94bada0f7c95f69fabd6e7007148f90c31b0",
                "reference": "568f94bada0f7c95f69fabd6e7007148f90c31b0",
                "shasum": ""
            },
            "type": "library",
            "autoload": {
                "psr-0": {
                    "Badcow": "lib/"
                }
            },
            "notification-url": "https://packagist.org/downloads/",
            "license": [
                "MIT"
            ],
            "authors": [
                {
                    "name": "Sam Williams",
                    "email": "sam@badcow.co"
                },
                {
                    "name": "Mathew Tinsley",
                    "email": "tinsley@tinsology.net"
                }
            ],
            "description": "Lorem ipsum generator.",
            "time": "2013-03-05 07:52:52"
        },
        {
            "name": "illuminate/container",
            "version": "v4.0.8",
            "target-dir": "Illuminate/Container",
            "source": {
                "type": "git",
                "url": "https://github.com/illuminate/container.git",
                "reference": "ee86c892f98e7509515149cc71bc8a74abc0c5dc"
            },
            "dist": {
                "type": "zip",
                "url": "https://api.github.com/repos/illuminate/container/zipball/ee86c892f98e7509515149cc71bc8a74abc0c5dc",
                "reference": "ee86c892f98e7509515149cc71bc8a74abc0c5dc",
                "shasum": ""
            },
            "require": {
                "php": ">=5.3.0"
            },
            "require-dev": {
                "phpunit/phpunit": "3.7.*"
            },
            "type": "library",
            "extra": {
                "branch-alias": {
                    "dev-master": "4.0-dev"
                }
            },
            "autoload": {
                "psr-0": {
                    "Illuminate\\Container": ""
                }
            },
            "notification-url": "https://packagist.org/downloads/",
            "license": [
                "MIT"
            ],
            "authors": [
                {
                    "name": "Taylor Otwell",
                    "email": "taylorotwell@gmail.com",
                    "homepage": "https://github.com/taylorotwell",
                    "role": "Developer"
                }
            ],
            "time": "2013-10-02 21:36:40"
        },
        {
            "name": "illuminate/database",
            "version": "4.0.x-dev",
            "target-dir": "Illuminate/Database",
            "source": {
                "type": "git",
                "url": "https://github.com/illuminate/database.git",
                "reference": "aaff2e0c10536228aa0248fe5f1939c15694d6dc"
            },
            "dist": {
                "type": "zip",
                "url": "https://api.github.com/repos/illuminate/database/zipball/aaff2e0c10536228aa0248fe5f1939c15694d6dc",
                "reference": "aaff2e0c10536228aa0248fe5f1939c15694d6dc",
                "shasum": ""
            },
            "require": {
                "illuminate/container": "4.0.x",
                "illuminate/events": "4.0.x",
                "illuminate/support": "4.0.x",
                "nesbot/carbon": "1.*",
                "php": ">=5.3.0"
            },
            "require-dev": {
                "illuminate/cache": "4.0.x",
                "illuminate/console": "4.0.x",
                "illuminate/filesystem": "4.0.x",
                "illuminate/pagination": "4.0.x",
                "illuminate/support": "4.0.x",
                "mockery/mockery": "0.7.2",
                "phpunit/phpunit": "3.7.*"
            },
            "type": "library",
            "extra": {
                "branch-alias": {
                    "dev-master": "4.0-dev"
                }
            },
            "autoload": {
                "psr-0": {
                    "Illuminate\\Database": ""
                }
            },
            "notification-url": "https://packagist.org/downloads/",
            "license": [
                "MIT"
            ],
            "authors": [
                {
                    "name": "Taylor Otwell",
                    "email": "taylorotwell@gmail.com",
                    "homepage": "https://github.com/taylorotwell",
                    "role": "Developer"
                }
            ],
            "keywords": [
                "database",
                "laravel",
                "orm",
                "sql"
            ],
            "time": "2013-10-12 18:57:01"
        },
        {
            "name": "illuminate/events",
            "version": "v4.0.8",
            "target-dir": "Illuminate/Events",
            "source": {
                "type": "git",
                "url": "https://github.com/illuminate/events.git",
                "reference": "2253c8c3a8a186a15c0a78a9dbffb6defbb47e69"
            },
            "dist": {
                "type": "zip",
                "url": "https://api.github.com/repos/illuminate/events/zipball/2253c8c3a8a186a15c0a78a9dbffb6defbb47e69",
                "reference": "2253c8c3a8a186a15c0a78a9dbffb6defbb47e69",
                "shasum": ""
            },
            "require": {
                "illuminate/container": "4.0.x",
                "illuminate/support": "4.0.x",
                "php": ">=5.3.0"
            },
            "require-dev": {
                "mockery/mockery": "0.7.2",
                "phpunit/phpunit": "3.7.*"
            },
            "type": "library",
            "extra": {
                "branch-alias": {
                    "dev-master": "4.0-dev"
                }
            },
            "autoload": {
                "psr-0": {
                    "Illuminate\\Events": ""
                }
            },
            "notification-url": "https://packagist.org/downloads/",
            "license": [
                "MIT"
            ],
            "authors": [
                {
                    "name": "Taylor Otwell",
                    "email": "taylorotwell@gmail.com",
                    "homepage": "https://github.com/taylorotwell",
                    "role": "Developer"
                }
            ],
            "time": "2013-10-02 14:15:14"
        },
        {
            "name": "illuminate/support",
            "version": "v4.0.8",
            "target-dir": "Illuminate/Support",
            "source": {
                "type": "git",
                "url": "https://github.com/illuminate/support.git",
                "reference": "bec895ef2331ff2f4afbbe48d1ea3d48c3bd8a9f"
            },
            "dist": {
                "type": "zip",
                "url": "https://api.github.com/repos/illuminate/support/zipball/bec895ef2331ff2f4afbbe48d1ea3d48c3bd8a9f",
                "reference": "bec895ef2331ff2f4afbbe48d1ea3d48c3bd8a9f",
                "shasum": ""
            },
            "require": {
                "php": ">=5.3.0"
            },
            "require-dev": {
                "mockery/mockery": "0.7.2",
                "patchwork/utf8": "1.1.*",
                "phpunit/phpunit": "3.7.*"
            },
            "type": "library",
            "extra": {
                "branch-alias": {
                    "dev-master": "4.0-dev"
                }
            },
            "autoload": {
                "psr-0": {
                    "Illuminate\\Support": ""
                },
                "files": [
                    "Illuminate/Support/helpers.php"
                ]
            },
            "notification-url": "https://packagist.org/downloads/",
            "license": [
                "MIT"
            ],
            "authors": [
                {
                    "name": "Taylor Otwell",
                    "email": "taylorotwell@gmail.com",
                    "homepage": "https://github.com/taylorotwell",
                    "role": "Developer"
                }
            ],
            "time": "2013-10-03 18:37:29"
        },
        {
            "name": "intervention/image",
            "version": "1.4.1",
            "source": {
                "type": "git",
                "url": "https://github.com/Intervention/image.git",
                "reference": "6783515d00135a567db3bcfdeb784e3f2da00733"
            },
            "dist": {
                "type": "zip",
                "url": "https://api.github.com/repos/Intervention/image/zipball/6783515d00135a567db3bcfdeb784e3f2da00733",
                "reference": "6783515d00135a567db3bcfdeb784e3f2da00733",
                "shasum": ""
            },
            "require": {
                "ext-gd": "*",
                "illuminate/support": "4.*",
                "php": ">=5.3.0"
            },
            "suggest": {
                "intervention/imagecache": "Caching extension for the Intervention Image library"
            },
            "type": "library",
            "autoload": {
                "psr-0": {
                    "Intervention\\Image": "src/"
                }
            },
            "notification-url": "https://packagist.org/downloads/",
            "license": [
                "MIT"
            ],
            "authors": [
                {
                    "name": "Oliver Vogel",
                    "email": "oliver@olivervogel.net",
                    "homepage": "http://olivervogel.net/"
                }
            ],
            "description": "Image handling and manipulation library with support for Laravel 4 integration",
            "homepage": "http://intervention.olivervogel.net/image/",
            "keywords": [
                "gd",
                "image",
                "laravel",
                "thumbnail",
                "watermark"
            ],
            "time": "2013-05-29 09:44:42"
        },
        {
            "name": "jsebrech/o",
            "version": "v0.1.0",
            "source": {
                "type": "git",
                "url": "https://github.com/jsebrech/php-o.git",
                "reference": "6e300fff2217b839ab3a2cfa821dbee17ffe9504"
            },
            "dist": {
                "type": "zip",
                "url": "https://api.github.com/repos/jsebrech/php-o/zipball/6e300fff2217b839ab3a2cfa821dbee17ffe9504",
                "reference": "6e300fff2217b839ab3a2cfa821dbee17ffe9504",
                "shasum": ""
            },
            "require": {
                "ext-mbstring": "*",
                "php": ">=5.3.0"
            },
            "type": "library",
            "autoload": {
                "psr-0": {
                    "O": "src/"
                }
            },
            "notification-url": "https://packagist.org/downloads/",
            "license": [
                "Apache-2.0"
            ],
            "authors": [
                {
                    "name": "Joeri Sebrechts",
                    "email": "joeri@sebrechts.net"
                }
            ],
            "description": "O-syntax for PHP",
            "homepage": "https://github.com/jsebrech/php-o",
            "time": "2013-03-25 20:54:09"
        },
        {
            "name": "mustache/mustache",
            "version": "dev-temporaryfixlaravelrelationships",
            "source": {
                "type": "git",
                "url": "https://github.com/phrenetictales/mustache.php.git",
                "reference": "21529205a93171ee23dc4ccb3d3a5e5b1380d400"
            },
            "dist": {
                "type": "zip",
                "url": "https://api.github.com/repos/phrenetictales/mustache.php/zipball/21529205a93171ee23dc4ccb3d3a5e5b1380d400",
                "reference": "21529205a93171ee23dc4ccb3d3a5e5b1380d400",
                "shasum": ""
            },
            "require": {
                "php": ">=5.2.4"
            },
            "type": "library",
            "autoload": {
                "psr-0": {
                    "Mustache": "src/"
                }
            },
            "license": [
                "MIT"
            ],
            "authors": [
                {
                    "name": "Justin Hileman",
                    "email": "justin@justinhileman.info",
                    "homepage": "http://justinhileman.com"
                }
            ],
            "description": "A Mustache implementation in PHP.",
            "homepage": "https://github.com/bobthecow/mustache.php",
            "keywords": [
                "mustache",
                "templating"
            ],
            "support": {
                "source": "https://github.com/phrenetictales/mustache.php/tree/temporaryfixlaravelrelationships"
            },
            "time": "2013-07-07 21:43:57"
        },
        {
            "name": "nesbot/carbon",
            "version": "1.4.0",
            "source": {
                "type": "git",
                "url": "https://github.com/briannesbitt/Carbon.git",
                "reference": "06f0b8a99a90c5392ceccb09b75b74ff6c08ec07"
            },
            "dist": {
                "type": "zip",
                "url": "https://api.github.com/repos/briannesbitt/Carbon/zipball/06f0b8a99a90c5392ceccb09b75b74ff6c08ec07",
                "reference": "06f0b8a99a90c5392ceccb09b75b74ff6c08ec07",
                "shasum": ""
            },
            "require": {
                "php": ">=5.3.0"
            },
            "type": "library",
            "autoload": {
                "psr-0": {
                    "Carbon": "src"
                }
            },
            "notification-url": "https://packagist.org/downloads/",
            "license": [
                "MIT"
            ],
            "authors": [
                {
                    "name": "Brian Nesbitt",
                    "email": "brian@nesbot.com",
                    "homepage": "http://nesbot.com"
                }
            ],
            "description": "A simple API extension for DateTime.",
            "homepage": "https://github.com/briannesbitt/Carbon",
            "keywords": [
                "date",
                "datetime",
                "time"
            ],
            "time": "2013-09-09 02:39:19"
        },
        {
            "name": "slim/slim",
            "version": "2.0.0",
            "source": {
                "type": "git",
                "url": "https://github.com/codeguy/Slim.git",
                "reference": "3e95c9abbc57a8f023ab4dacebcab9dae4d9f1f0"
            },
            "dist": {
                "type": "zip",
                "url": "https://api.github.com/repos/codeguy/Slim/zipball/3e95c9abbc57a8f023ab4dacebcab9dae4d9f1f0",
                "reference": "3e95c9abbc57a8f023ab4dacebcab9dae4d9f1f0",
                "shasum": ""
            },
            "require": {
                "php": ">=5.3.0"
            },
            "type": "library",
            "autoload": {
                "psr-0": {
                    "Slim": "."
                }
            },
            "notification-url": "https://packagist.org/downloads/",
            "license": [
                "MIT"
            ],
            "authors": [
                {
                    "name": "Josh Lockhart",
                    "email": "info@joshlockhart.com",
                    "homepage": "http://www.joshlockhart.com/"
                }
            ],
            "description": "Slim Framework, a PHP micro framework",
            "homepage": "http://github.com/codeguy/Slim",
            "keywords": [
                "microframework",
                "rest",
                "router"
            ],
            "time": "2012-09-09 14:54:09"
        }
    ],
    "packages-dev": [

    ],
    "aliases": [

    ],
    "minimum-stability": "stable",
    "stability-flags": {
        "illuminate/database": 20,
        "mustache/mustache": 20,
        "badcow/lorem-ipsum": 20
    },
    "platform": [

    ],
    "platform-dev": [

    ]
}
