{
    "_readme": [
        "This file locks the dependencies of your project to a known state",
        "Read more about it at http://getcomposer.org/doc/01-basic-usage.md#composer-lock-the-lock-file"
    ],
    "hash": "5ced5d51f2d5362d117a396f10349e0d",
    "packages": [
        {
            "name": "cartalyst/sentry",
            "version": "dev-master",
            "source": {
                "type": "git",
                "url": "https://github.com/cartalyst/sentry.git",
                "reference": "2cedb29a128a3c2c1c289550b8e66c464741985c"
            },
            "dist": {
                "type": "zip",
                "url": "https://api.github.com/repos/cartalyst/sentry/zipball/2cedb29a128a3c2c1c289550b8e66c464741985c",
                "reference": "2cedb29a128a3c2c1c289550b8e66c464741985c",
                "shasum": ""
            },
            "require": {
                "php": ">=5.3.3"
            },
            "require-dev": {
                "illuminate/cookie": "~4",
                "illuminate/database": "~4",
                "illuminate/session": "~4",
                "ircmaxell/password-compat": "1.0.*",
                "mockery/mockery": "0.7.2"
            },
            "suggest": {
                "happydemon/txt": "Required Text helpers when using the Kohana implementation",
                "illuminate/database": "Default sentry user, group and throttling implementations.",
                "ircmaxell/password-compat": "Default hashing uses PHP 5.5 password_* functions, with forward-compatible support."
            },
            "type": "library",
            "extra": {
                "component": "package",
                "frameworks": [
                    "Laravel 3",
                    "Laravel 4",
                    "CodeIgniter 3",
                    "FuelPHP 1",
                    "Kohana"
                ],
                "versions": {
                    "1": "1.1/master",
                    "2": "master"
                },
                "branch-alias": {
                    "dev-master": "2.0-dev"
                }
            },
            "autoload": {
                "classmap": [
                    "src/Cartalyst/Sentry/Groups/Exceptions.php",
                    "src/Cartalyst/Sentry/Throttling/Exceptions.php",
                    "src/Cartalyst/Sentry/Users/Exceptions.php",
                    "src/migrations"
                ],
                "psr-0": {
                    "Cartalyst\\Sentry": "src/"
                }
            },
            "notification-url": "https://packagist.org/downloads/",
            "license": [
                "BSD-3-Clause"
            ],
            "authors": [
                {
                    "name": "Ben Corlett",
                    "email": "ben.corlett@cartalyst.com",
                    "role": "Developer"
                },
                {
                    "name": "Cartalyst LLC",
                    "email": "help@cartalyst.com"
                },
                {
                    "name": "Bruno Gaspar",
                    "email": "bruno.gaspar@cartalyst.com",
                    "role": "Developer"
                },
                {
                    "name": "Dan Syme",
                    "email": "dan.syme@cartalyst.com",
                    "role": "Creator & Designer"
                },
                {
                    "name": "Daniel Petrie",
                    "email": "dan.petrie@cartalyst.com",
                    "role": "Developer"
                }
            ],
            "description": "PHP 5.3+ Fully-featured Authentication & Authorization System",
            "keywords": [
                "auth",
                "codeigniter",
                "fuelphp",
                "kohana",
                "laravel",
                "security"
            ],
            "time": "2013-10-19 15:12:54"
        },
        {
            "name": "illuminate/container",
            "version": "4.0.x-dev",
            "target-dir": "Illuminate/Container",
            "source": {
                "type": "git",
                "url": "https://github.com/illuminate/container.git",
                "reference": "ee86c892f98e7509515149cc71bc8a74abc0c5dc"
            },
            "dist": {
                "type": "zip",
                "url": "https://api.github.com/repos/illuminate/container/zipball/ee86c892f98e7509515149cc71bc8a74abc0c5dc",
                "reference": "ee86c892f98e7509515149cc71bc8a74abc0c5dc",
                "shasum": ""
            },
            "require": {
                "php": ">=5.3.0"
            },
            "require-dev": {
                "phpunit/phpunit": "3.7.*"
            },
            "type": "library",
            "extra": {
                "branch-alias": {
                    "dev-master": "4.0-dev"
                }
            },
            "autoload": {
                "psr-0": {
                    "Illuminate\\Container": ""
                }
            },
            "notification-url": "https://packagist.org/downloads/",
            "license": [
                "MIT"
            ],
            "authors": [
                {
                    "name": "Taylor Otwell",
                    "email": "taylorotwell@gmail.com",
                    "homepage": "https://github.com/taylorotwell",
                    "role": "Developer"
                }
            ],
            "time": "2013-10-02 21:36:40"
        },
        {
            "name": "illuminate/database",
            "version": "4.0.x-dev",
            "target-dir": "Illuminate/Database",
            "source": {
                "type": "git",
                "url": "https://github.com/illuminate/database.git",
                "reference": "9fb935eef6f12594d58824fd28558e393aee3837"
            },
            "dist": {
                "type": "zip",
                "url": "https://api.github.com/repos/illuminate/database/zipball/9fb935eef6f12594d58824fd28558e393aee3837",
                "reference": "9fb935eef6f12594d58824fd28558e393aee3837",
                "shasum": ""
            },
            "require": {
                "illuminate/container": "4.0.x",
                "illuminate/events": "4.0.x",
                "illuminate/support": "4.0.x",
                "nesbot/carbon": "1.*",
                "php": ">=5.3.0"
            },
            "require-dev": {
                "illuminate/cache": "4.0.x",
                "illuminate/console": "4.0.x",
                "illuminate/filesystem": "4.0.x",
                "illuminate/pagination": "4.0.x",
                "illuminate/support": "4.0.x",
                "mockery/mockery": "0.7.2",
                "phpunit/phpunit": "3.7.*"
            },
            "type": "library",
            "extra": {
                "branch-alias": {
                    "dev-master": "4.0-dev"
                }
            },
            "autoload": {
                "psr-0": {
                    "Illuminate\\Database": ""
                }
            },
            "notification-url": "https://packagist.org/downloads/",
            "license": [
                "MIT"
            ],
            "authors": [
                {
                    "name": "Taylor Otwell",
                    "email": "taylorotwell@gmail.com",
                    "homepage": "https://github.com/taylorotwell",
                    "role": "Developer"
                }
            ],
            "keywords": [
                "database",
                "laravel",
                "orm",
                "sql"
            ],
            "time": "2013-10-14 06:36:05"
        },
        {
            "name": "illuminate/events",
            "version": "4.0.x-dev",
            "target-dir": "Illuminate/Events",
            "source": {
                "type": "git",
                "url": "https://github.com/illuminate/events.git",
                "reference": "2253c8c3a8a186a15c0a78a9dbffb6defbb47e69"
            },
            "dist": {
                "type": "zip",
                "url": "https://api.github.com/repos/illuminate/events/zipball/2253c8c3a8a186a15c0a78a9dbffb6defbb47e69",
                "reference": "2253c8c3a8a186a15c0a78a9dbffb6defbb47e69",
                "shasum": ""
            },
            "require": {
                "illuminate/container": "4.0.x",
                "illuminate/support": "4.0.x",
                "php": ">=5.3.0"
            },
            "require-dev": {
                "mockery/mockery": "0.7.2",
                "phpunit/phpunit": "3.7.*"
            },
            "type": "library",
            "extra": {
                "branch-alias": {
                    "dev-master": "4.0-dev"
                }
            },
            "autoload": {
                "psr-0": {
                    "Illuminate\\Events": ""
                }
            },
            "notification-url": "https://packagist.org/downloads/",
            "license": [
                "MIT"
            ],
            "authors": [
                {
                    "name": "Taylor Otwell",
                    "email": "taylorotwell@gmail.com",
                    "homepage": "https://github.com/taylorotwell",
                    "role": "Developer"
                }
            ],
            "time": "2013-10-02 14:15:14"
        },
        {
            "name": "illuminate/support",
            "version": "4.0.x-dev",
            "target-dir": "Illuminate/Support",
            "source": {
                "type": "git",
                "url": "https://github.com/illuminate/support.git",
                "reference": "bec895ef2331ff2f4afbbe48d1ea3d48c3bd8a9f"
            },
            "dist": {
                "type": "zip",
                "url": "https://api.github.com/repos/illuminate/support/zipball/bec895ef2331ff2f4afbbe48d1ea3d48c3bd8a9f",
                "reference": "bec895ef2331ff2f4afbbe48d1ea3d48c3bd8a9f",
                "shasum": ""
            },
            "require": {
                "php": ">=5.3.0"
            },
            "require-dev": {
                "mockery/mockery": "0.7.2",
                "patchwork/utf8": "1.1.*",
                "phpunit/phpunit": "3.7.*"
            },
            "type": "library",
            "extra": {
                "branch-alias": {
                    "dev-master": "4.0-dev"
                }
            },
            "autoload": {
                "psr-0": {
                    "Illuminate\\Support": ""
                },
                "files": [
                    "Illuminate/Support/helpers.php"
                ]
            },
            "notification-url": "https://packagist.org/downloads/",
            "license": [
                "MIT"
            ],
            "authors": [
                {
                    "name": "Taylor Otwell",
                    "email": "taylorotwell@gmail.com",
                    "homepage": "https://github.com/taylorotwell",
                    "role": "Developer"
                }
            ],
            "time": "2013-10-03 18:37:29"
        },
        {
            "name": "intervention/image",
            "version": "1.4.1",
            "source": {
                "type": "git",
                "url": "https://github.com/Intervention/image.git",
                "reference": "6783515d00135a567db3bcfdeb784e3f2da00733"
            },
            "dist": {
                "type": "zip",
                "url": "https://api.github.com/repos/Intervention/image/zipball/6783515d00135a567db3bcfdeb784e3f2da00733",
                "reference": "6783515d00135a567db3bcfdeb784e3f2da00733",
                "shasum": ""
            },
            "require": {
                "ext-gd": "*",
                "illuminate/support": "4.*",
                "php": ">=5.3.0"
            },
            "suggest": {
                "intervention/imagecache": "Caching extension for the Intervention Image library"
            },
            "type": "library",
            "autoload": {
                "psr-0": {
                    "Intervention\\Image": "src/"
                }
            },
            "notification-url": "https://packagist.org/downloads/",
            "license": [
                "MIT"
            ],
            "authors": [
                {
                    "name": "Oliver Vogel",
                    "email": "oliver@olivervogel.net",
                    "homepage": "http://olivervogel.net/"
                }
            ],
            "description": "Image handling and manipulation library with support for Laravel 4 integration",
            "homepage": "http://intervention.olivervogel.net/image/",
            "keywords": [
                "gd",
                "image",
                "laravel",
                "thumbnail",
                "watermark"
            ],
            "time": "2013-05-29 09:44:42"
        },
        {
            "name": "ircmaxell/password-compat",
            "version": "1.0.x-dev",
            "source": {
                "type": "git",
                "url": "https://github.com/ircmaxell/password_compat.git",
                "reference": "1fc1521b5e9794ea77e4eca30717be9635f1d4f4"
            },
            "dist": {
                "type": "zip",
                "url": "https://api.github.com/repos/ircmaxell/password_compat/zipball/1fc1521b5e9794ea77e4eca30717be9635f1d4f4",
                "reference": "1fc1521b5e9794ea77e4eca30717be9635f1d4f4",
                "shasum": ""
            },
            "type": "library",
            "autoload": {
                "files": [
                    "lib/password.php"
                ]
            },
            "notification-url": "https://packagist.org/downloads/",
            "license": [
                "MIT"
            ],
            "authors": [
                {
                    "name": "Anthony Ferrara",
                    "email": "ircmaxell@php.net",
                    "homepage": "http://blog.ircmaxell.com"
                }
            ],
            "description": "A compatibility library for the proposed simplified password hashing algorithm: https://wiki.php.net/rfc/password_hash",
            "homepage": "https://github.com/ircmaxell/password_compat",
            "keywords": [
                "hashing",
                "password"
            ],
            "time": "2013-04-30 19:58:08"
        },
        {
            "name": "jsebrech/o",
            "version": "v0.1.0",
            "source": {
                "type": "git",
                "url": "https://github.com/jsebrech/php-o.git",
                "reference": "6e300fff2217b839ab3a2cfa821dbee17ffe9504"
            },
            "dist": {
                "type": "zip",
                "url": "https://api.github.com/repos/jsebrech/php-o/zipball/6e300fff2217b839ab3a2cfa821dbee17ffe9504",
                "reference": "6e300fff2217b839ab3a2cfa821dbee17ffe9504",
                "shasum": ""
            },
            "require": {
                "ext-mbstring": "*",
                "php": ">=5.3.0"
            },
            "type": "library",
            "autoload": {
                "psr-0": {
                    "O": "src/"
                }
            },
            "notification-url": "https://packagist.org/downloads/",
            "license": [
                "Apache-2.0"
            ],
            "authors": [
                {
                    "name": "Joeri Sebrechts",
                    "email": "joeri@sebrechts.net"
                }
            ],
            "description": "O-syntax for PHP",
            "homepage": "https://github.com/jsebrech/php-o",
            "time": "2013-03-25 20:54:09"
        },
        {
            "name": "mustache/mustache",
            "version": "dev-temporaryfixlaravelrelationships",
            "source": {
                "type": "git",
                "url": "https://github.com/phrenetictales/mustache.php.git",
                "reference": "21529205a93171ee23dc4ccb3d3a5e5b1380d400"
            },
            "dist": {
                "type": "zip",
                "url": "https://api.github.com/repos/phrenetictales/mustache.php/zipball/21529205a93171ee23dc4ccb3d3a5e5b1380d400",
                "reference": "21529205a93171ee23dc4ccb3d3a5e5b1380d400",
                "shasum": ""
            },
            "require": {
                "php": ">=5.2.4"
            },
            "type": "library",
            "autoload": {
                "psr-0": {
                    "Mustache": "src/"
                }
            },
            "license": [
                "MIT"
            ],
            "authors": [
                {
                    "name": "Justin Hileman",
                    "email": "justin@justinhileman.info",
                    "homepage": "http://justinhileman.com"
                }
            ],
            "description": "A Mustache implementation in PHP.",
            "homepage": "https://github.com/bobthecow/mustache.php",
            "keywords": [
                "mustache",
                "templating"
            ],
            "support": {
                "source": "https://github.com/phrenetictales/mustache.php/tree/temporaryfixlaravelrelationships"
            },
            "time": "2013-07-07 21:43:57"
        },
        {
            "name": "nesbot/carbon",
            "version": "1.4.0",
            "source": {
                "type": "git",
                "url": "https://github.com/briannesbitt/Carbon.git",
                "reference": "06f0b8a99a90c5392ceccb09b75b74ff6c08ec07"
            },
            "dist": {
                "type": "zip",
                "url": "https://api.github.com/repos/briannesbitt/Carbon/zipball/06f0b8a99a90c5392ceccb09b75b74ff6c08ec07",
                "reference": "06f0b8a99a90c5392ceccb09b75b74ff6c08ec07",
                "shasum": ""
            },
            "require": {
                "php": ">=5.3.0"
            },
            "type": "library",
            "autoload": {
                "psr-0": {
                    "Carbon": "src"
                }
            },
            "notification-url": "https://packagist.org/downloads/",
            "license": [
                "MIT"
            ],
            "authors": [
                {
                    "name": "Brian Nesbitt",
                    "email": "brian@nesbot.com",
                    "homepage": "http://nesbot.com"
                }
            ],
            "description": "A simple API extension for DateTime.",
            "homepage": "https://github.com/briannesbitt/Carbon",
            "keywords": [
                "date",
                "datetime",
                "time"
            ],
            "time": "2013-09-09 02:39:19"
        },
        {
            "name": "nikic/php-parser",
            "version": "dev-master",
            "source": {
                "type": "git",
                "url": "https://github.com/nikic/PHP-Parser.git",
                "reference": "700847e2951942200b479c413aa2984b5364799b"
            },
            "dist": {
                "type": "zip",
                "url": "https://api.github.com/repos/nikic/PHP-Parser/zipball/700847e2951942200b479c413aa2984b5364799b",
                "reference": "700847e2951942200b479c413aa2984b5364799b",
                "shasum": ""
            },
            "require": {
                "ext-tokenizer": "*",
                "php": ">=5.2"
            },
            "type": "library",
            "extra": {
                "branch-alias": {
                    "dev-master": "0.9-dev"
                }
            },
            "autoload": {
                "psr-0": {
                    "PHPParser": "lib/"
                }
            },
            "notification-url": "https://packagist.org/downloads/",
            "license": [
                "BSD-3-Clause"
            ],
            "authors": [
                {
                    "name": "Nikita Popov"
                }
            ],
            "description": "A PHP parser written in PHP",
            "keywords": [
                "parser",
                "php"
            ],
            "time": "2013-09-28 11:21:30"
        },
        {
            "name": "psy/psysh",
            "version": "dev-master",
            "source": {
                "type": "git",
                "url": "https://github.com/bobthecow/psysh.git",
                "reference": "f7a30a853ba61ec59446073739761569ab9d70f2"
            },
            "dist": {
                "type": "zip",
                "url": "https://api.github.com/repos/bobthecow/psysh/zipball/f7a30a853ba61ec59446073739761569ab9d70f2",
                "reference": "f7a30a853ba61ec59446073739761569ab9d70f2",
                "shasum": ""
            },
            "require": {
                "nikic/php-parser": "~0.9.3",
                "php": ">=5.3.0",
                "symfony/console": "~2.1"
            },
            "require-dev": {
                "phpunit/phpunit": "~3.7",
                "symfony/finder": "~2.1"
            },
            "suggest": {
                "ext-pcntl": "Enabling the PCNTL extension makes PsySH a lot happier :)"
            },
            "bin": [
                "bin/psysh"
            ],
            "type": "library",
            "extra": {
                "branch-alias": {
                    "dev-master": "0.1.0-dev"
                }
            },
            "autoload": {
                "psr-0": {
                    "Psy\\": "src/"
                }
            },
            "notification-url": "https://packagist.org/downloads/",
            "license": [
                "MIT"
            ],
            "authors": [
                {
                    "name": "Justin Hileman",
                    "email": "justin@justinhileman.info",
                    "homepage": "http://justinhileman.com"
                }
            ],
            "description": "An interactive shell for modern PHP.",
            "homepage": "https://github.com/bobthecow/psysh",
            "keywords": [
                "REPL",
                "console",
                "interactive",
                "shell"
            ],
            "time": "2013-10-16 13:57:48"
        },
        {
            "name": "slim/slim",
            "version": "2.0.0",
            "source": {
                "type": "git",
                "url": "https://github.com/codeguy/Slim.git",
                "reference": "3e95c9abbc57a8f023ab4dacebcab9dae4d9f1f0"
            },
            "dist": {
                "type": "zip",
                "url": "https://api.github.com/repos/codeguy/Slim/zipball/3e95c9abbc57a8f023ab4dacebcab9dae4d9f1f0",
                "reference": "3e95c9abbc57a8f023ab4dacebcab9dae4d9f1f0",
                "shasum": ""
            },
            "require": {
                "php": ">=5.3.0"
            },
            "type": "library",
            "autoload": {
                "psr-0": {
                    "Slim": "."
                }
            },
            "notification-url": "https://packagist.org/downloads/",
            "license": [
                "MIT"
            ],
            "authors": [
                {
                    "name": "Josh Lockhart",
                    "email": "info@joshlockhart.com",
                    "homepage": "http://www.joshlockhart.com/"
                }
            ],
            "description": "Slim Framework, a PHP micro framework",
            "homepage": "http://github.com/codeguy/Slim",
            "keywords": [
                "microframework",
                "rest",
                "router"
            ],
            "time": "2012-09-09 14:54:09"
        },
        {
            "name": "symfony/console",
            "version": "dev-master",
            "target-dir": "Symfony/Component/Console",
            "source": {
                "type": "git",
                "url": "https://github.com/symfony/Console.git",
                "reference": "608960cd7f7e906e64d6586b9152e308f7ea0ff2"
            },
            "dist": {
                "type": "zip",
                "url": "https://api.github.com/repos/symfony/Console/zipball/608960cd7f7e906e64d6586b9152e308f7ea0ff2",
                "reference": "608960cd7f7e906e64d6586b9152e308f7ea0ff2",
                "shasum": ""
            },
            "require": {
                "php": ">=5.3.3"
            },
            "require-dev": {
                "symfony/event-dispatcher": "~2.1"
            },
            "suggest": {
                "symfony/event-dispatcher": ""
            },
            "type": "library",
            "extra": {
                "branch-alias": {
                    "dev-master": "2.4-dev"
                }
            },
            "autoload": {
                "psr-0": {
                    "Symfony\\Component\\Console\\": ""
                }
            },
            "notification-url": "https://packagist.org/downloads/",
            "license": [
                "MIT"
            ],
            "authors": [
                {
                    "name": "Fabien Potencier",
                    "email": "fabien@symfony.com"
                },
                {
                    "name": "Symfony Community",
                    "homepage": "http://symfony.com/contributors"
                }
            ],
            "description": "Symfony Console Component",
            "homepage": "http://symfony.com",
            "time": "2013-10-16 16:16:10"
        }
    ],
    "packages-dev": [

    ],
    "aliases": [

    ],
    "minimum-stability": "dev",
    "stability-flags": {
        "illuminate/database": 20,
        "mustache/mustache": 20,
        "psy/psysh": 20
    },
    "platform": [

    ],
    "platform-dev": [

    ]
}
